
Microsoft Visual Studio Solution File, Format Version 12.00
# Visual Studio Version 17
VisualStudioVersion = 17.9.34616.47
MinimumVisualStudioVersion = 10.0.40219.1
Project("{FAE04EC0-301F-11D3-BF4B-00C04F79EFBC}") = "tpmodul8_1302223055", "tpmodul8_1302223055\tpmodul8_1302223055.csproj", "{3BAEB076-B690-4DE6-8014-108EFB7E7EFD}"
EndProject
Global
	GlobalSection(SolutionConfigurationPlatforms) = preSolution
		Debug|Any CPU = Debug|Any CPU
		Release|Any CPU = Release|Any CPU
	EndGlobalSection
	GlobalSection(ProjectConfigurationPlatforms) = postSolution
		{3BAEB076-B690-4DE6-8014-108EFB7E7EFD}.Debug|Any CPU.ActiveCfg = Debug|Any CPU
		{3BAEB076-B690-4DE6-8014-108EFB7E7EFD}.Debug|Any CPU.Build.0 = Debug|Any CPU
		{3BAEB076-B690-4DE6-8014-108EFB7E7EFD}.Release|Any CPU.ActiveCfg = Release|Any CPU
		{3BAEB076-B690-4DE6-8014-108EFB7E7EFD}.Release|Any CPU.Build.0 = Release|Any CPU
	EndGlobalSection
	GlobalSection(SolutionProperties) = preSolution
		HideSolutionNode = FALSE
	EndGlobalSection
	GlobalSection(ExtensibilityGlobals) = postSolution
		SolutionGuid = {1490D8B9-C9B7-4F8D-801D-BE205B6CDBCF}
	EndGlobalSection
EndGlobal
